
Microsoft Visual Studio Solution File, Format Version 12.00
# Visual Studio Version 16
VisualStudioVersion = 16.0.31624.102
MinimumVisualStudioVersion = 10.0.40219.1
Project("{9A19103F-16F7-4668-BE54-9A1E7A4F7556}") = "MarketAnalyzer.Domain", "MarketAnalyzer.Domain\MarketAnalyzer.Domain.csproj", "{5BD99B62-E1F4-4901-B46C-C12CC94C9D36}"
EndProject
Project("{9A19103F-16F7-4668-BE54-9A1E7A4F7556}") = "MarketAnalyzer.Crawler", "MarketAnalyzer.Crawler\MarketAnalyzer.Crawler.csproj", "{FCCA4AC8-008F-4E3D-BDDB-3F73FD9A3664}"
EndProject
Project("{E53339B2-1760-4266-BCC7-CA923CBCF16C}") = "docker-compose", "docker-compose.dcproj", "{EE3F6EE8-9EE1-4287-AF41-44825F9ED33A}"
EndProject
Project("{9A19103F-16F7-4668-BE54-9A1E7A4F7556}") = "MarketAnalyzer.Data", "MarketAnalyzer.Data\MarketAnalyzer.Data.csproj", "{2C834DEE-279D-47EC-B25D-24CF808D014A}"
EndProject
Global
	GlobalSection(SolutionConfigurationPlatforms) = preSolution
		Debug|Any CPU = Debug|Any CPU
		Release|Any CPU = Release|Any CPU
	EndGlobalSection
	GlobalSection(ProjectConfigurationPlatforms) = postSolution
		{5BD99B62-E1F4-4901-B46C-C12CC94C9D36}.Debug|Any CPU.ActiveCfg = Debug|Any CPU
		{5BD99B62-E1F4-4901-B46C-C12CC94C9D36}.Debug|Any CPU.Build.0 = Debug|Any CPU
		{5BD99B62-E1F4-4901-B46C-C12CC94C9D36}.Release|Any CPU.ActiveCfg = Release|Any CPU
		{5BD99B62-E1F4-4901-B46C-C12CC94C9D36}.Release|Any CPU.Build.0 = Release|Any CPU
		{FCCA4AC8-008F-4E3D-BDDB-3F73FD9A3664}.Debug|Any CPU.ActiveCfg = Debug|Any CPU
		{FCCA4AC8-008F-4E3D-BDDB-3F73FD9A3664}.Debug|Any CPU.Build.0 = Debug|Any CPU
		{FCCA4AC8-008F-4E3D-BDDB-3F73FD9A3664}.Release|Any CPU.ActiveCfg = Release|Any CPU
		{FCCA4AC8-008F-4E3D-BDDB-3F73FD9A3664}.Release|Any CPU.Build.0 = Release|Any CPU
		{EE3F6EE8-9EE1-4287-AF41-44825F9ED33A}.Debug|Any CPU.ActiveCfg = Debug|Any CPU
		{EE3F6EE8-9EE1-4287-AF41-44825F9ED33A}.Debug|Any CPU.Build.0 = Debug|Any CPU
		{EE3F6EE8-9EE1-4287-AF41-44825F9ED33A}.Release|Any CPU.ActiveCfg = Release|Any CPU
		{EE3F6EE8-9EE1-4287-AF41-44825F9ED33A}.Release|Any CPU.Build.0 = Release|Any CPU
		{2C834DEE-279D-47EC-B25D-24CF808D014A}.Debug|Any CPU.ActiveCfg = Debug|Any CPU
		{2C834DEE-279D-47EC-B25D-24CF808D014A}.Debug|Any CPU.Build.0 = Debug|Any CPU
		{2C834DEE-279D-47EC-B25D-24CF808D014A}.Release|Any CPU.ActiveCfg = Release|Any CPU
		{2C834DEE-279D-47EC-B25D-24CF808D014A}.Release|Any CPU.Build.0 = Release|Any CPU
	EndGlobalSection
	GlobalSection(SolutionProperties) = preSolution
		HideSolutionNode = FALSE
	EndGlobalSection
	GlobalSection(ExtensibilityGlobals) = postSolution
		SolutionGuid = {A697C30B-0415-455B-B4F2-C726E902414C}
	EndGlobalSection
EndGlobal
